
Microsoft Visual Studio Solution File, Format Version 12.00
# Visual Studio 14
VisualStudioVersion = 14.0.25420.1
MinimumVisualStudioVersion = 10.0.40219.1
Project("{FAE04EC0-301F-11D3-BF4B-00C04F79EFBC}") = "cal 2", "cal 2\cal 2.csproj", "{064FA0B6-EF27-49CE-9E6A-03BB0AA24603}"
EndProject
Global
	GlobalSection(SolutionConfigurationPlatforms) = preSolution
		Debug|Any CPU = Debug|Any CPU
		Release|Any CPU = Release|Any CPU
	EndGlobalSection
	GlobalSection(ProjectConfigurationPlatforms) = postSolution
		{064FA0B6-EF27-49CE-9E6A-03BB0AA24603}.Debug|Any CPU.ActiveCfg = Debug|Any CPU
		{064FA0B6-EF27-49CE-9E6A-03BB0AA24603}.Debug|Any CPU.Build.0 = Debug|Any CPU
		{064FA0B6-EF27-49CE-9E6A-03BB0AA24603}.Release|Any CPU.ActiveCfg = Release|Any CPU
		{064FA0B6-EF27-49CE-9E6A-03BB0AA24603}.Release|Any CPU.Build.0 = Release|Any CPU
	EndGlobalSection
	GlobalSection(SolutionProperties) = preSolution
		HideSolutionNode = FALSE
	EndGlobalSection
EndGlobal
